// !$*UTF8*$!
{
	archiveVersion = 1;
	classes = {
	};
	objectVersion = 48;
	objects = {

/* Begin PBXBuildFile section */
		84097233206D3F2A0081C9F3 /* EventStore.swift in Sources */ = {isa = PBXBuildFile; fileRef = 84628E69206D2EDB0055C671 /* EventStore.swift */; };
		84097235206D411F0081C9F3 /* MockEventStore.swift in Sources */ = {isa = PBXBuildFile; fileRef = 84097234206D411F0081C9F3 /* MockEventStore.swift */; };
		84097236206D45EE0081C9F3 /* CalendarTableViewCell.swift in Sources */ = {isa = PBXBuildFile; fileRef = 84C091342058425D0043AE60 /* CalendarTableViewCell.swift */; };
		84097237206D45F20081C9F3 /* CalendarCollectionViewDelegate.swift in Sources */ = {isa = PBXBuildFile; fileRef = 84E7D07D205AAA5A00BE5E96 /* CalendarCollectionViewDelegate.swift */; };
		84097238206D45F40081C9F3 /* CalendarTableViewDelegates.swift in Sources */ = {isa = PBXBuildFile; fileRef = 84628E3E206A77F60055C671 /* CalendarTableViewDelegates.swift */; };
		84097239206D45FB0081C9F3 /* EventTableViewCell.swift in Sources */ = {isa = PBXBuildFile; fileRef = 84628E42206A7B680055C671 /* EventTableViewCell.swift */; };
		8445F45A2056D5D7007CB13A /* AppDelegate.swift in Sources */ = {isa = PBXBuildFile; fileRef = 8445F4592056D5D7007CB13A /* AppDelegate.swift */; };
		8445F45C2056D5D7007CB13A /* ViewController.swift in Sources */ = {isa = PBXBuildFile; fileRef = 8445F45B2056D5D7007CB13A /* ViewController.swift */; };
		8445F45F2056D5D7007CB13A /* Main.storyboard in Resources */ = {isa = PBXBuildFile; fileRef = 8445F45D2056D5D7007CB13A /* Main.storyboard */; };
		8445F4612056D5D7007CB13A /* Assets.xcassets in Resources */ = {isa = PBXBuildFile; fileRef = 8445F4602056D5D7007CB13A /* Assets.xcassets */; };
		8445F4642056D5D7007CB13A /* LaunchScreen.storyboard in Resources */ = {isa = PBXBuildFile; fileRef = 8445F4622056D5D7007CB13A /* LaunchScreen.storyboard */; };
		8445F46F2056DB09007CB13A /* CalendarViewModel.swift in Sources */ = {isa = PBXBuildFile; fileRef = 8445F46E2056DB09007CB13A /* CalendarViewModel.swift */; };
		84628E3D206A76240055C671 /* EventDisplay.swift in Sources */ = {isa = PBXBuildFile; fileRef = 84628E3C206A76230055C671 /* EventDisplay.swift */; };
		84628E3F206A77F60055C671 /* CalendarTableViewDelegates.swift in Sources */ = {isa = PBXBuildFile; fileRef = 84628E3E206A77F60055C671 /* CalendarTableViewDelegates.swift */; };
		84628E41206A78ED0055C671 /* EventTableViewCell.xib in Resources */ = {isa = PBXBuildFile; fileRef = 84628E40206A78ED0055C671 /* EventTableViewCell.xib */; };
		84628E43206A7B680055C671 /* EventTableViewCell.swift in Sources */ = {isa = PBXBuildFile; fileRef = 84628E42206A7B680055C671 /* EventTableViewCell.swift */; };
		84628E61206D0A600055C671 /* CalendarViewModelTests.swift in Sources */ = {isa = PBXBuildFile; fileRef = 84628E60206D0A600055C671 /* CalendarViewModelTests.swift */; };
		84628E62206D0AB80055C671 /* CalendarDisplay.swift in Sources */ = {isa = PBXBuildFile; fileRef = 84E7D07F205AAB3D00BE5E96 /* CalendarDisplay.swift */; };
		84628E63206D0AB90055C671 /* EventDisplay.swift in Sources */ = {isa = PBXBuildFile; fileRef = 84628E3C206A76230055C671 /* EventDisplay.swift */; };
		84628E64206D0AB90055C671 /* ViewController.swift in Sources */ = {isa = PBXBuildFile; fileRef = 8445F45B2056D5D7007CB13A /* ViewController.swift */; };
		84628E65206D0AB90055C671 /* CalendarViewModel.swift in Sources */ = {isa = PBXBuildFile; fileRef = 8445F46E2056DB09007CB13A /* CalendarViewModel.swift */; };
		84628E6A206D2EDB0055C671 /* EventStore.swift in Sources */ = {isa = PBXBuildFile; fileRef = 84628E69206D2EDB0055C671 /* EventStore.swift */; };
		84C091352058425D0043AE60 /* CalendarTableViewCell.swift in Sources */ = {isa = PBXBuildFile; fileRef = 84C091342058425D0043AE60 /* CalendarTableViewCell.swift */; };
		84CE53E62072683700296FED /* CalendarTitleView.swift in Sources */ = {isa = PBXBuildFile; fileRef = 84CE53E52072683700296FED /* CalendarTitleView.swift */; };
		84CE53E72072696200296FED /* CalendarTitleView.swift in Sources */ = {isa = PBXBuildFile; fileRef = 84CE53E52072683700296FED /* CalendarTitleView.swift */; };
		84E7D07E205AAA5A00BE5E96 /* CalendarCollectionViewDelegate.swift in Sources */ = {isa = PBXBuildFile; fileRef = 84E7D07D205AAA5A00BE5E96 /* CalendarCollectionViewDelegate.swift */; };
		84E7D080205AAB3D00BE5E96 /* CalendarDisplay.swift in Sources */ = {isa = PBXBuildFile; fileRef = 84E7D07F205AAB3D00BE5E96 /* CalendarDisplay.swift */; };
		85B01FC8206EADC600848C9C /* CalenderHelper.swift in Sources */ = {isa = PBXBuildFile; fileRef = 85B01FC7206EADC600848C9C /* CalenderHelper.swift */; };
		85B01FC9206EB4AF00848C9C /* CalenderHelper.swift in Sources */ = {isa = PBXBuildFile; fileRef = 85B01FC7206EADC600848C9C /* CalenderHelper.swift */; };
/* End PBXBuildFile section */

/* Begin PBXContainerItemProxy section */
		84628E5B206D09E40055C671 /* PBXContainerItemProxy */ = {
			isa = PBXContainerItemProxy;
			containerPortal = 8445F44E2056D5D7007CB13A /* Project object */;
			proxyType = 1;
			remoteGlobalIDString = 8445F4552056D5D7007CB13A;
			remoteInfo = "Microsoft-Test";
		};
/* End PBXContainerItemProxy section */

/* Begin PBXFileReference section */
		84097234206D411F0081C9F3 /* MockEventStore.swift */ = {isa = PBXFileReference; lastKnownFileType = sourcecode.swift; path = MockEventStore.swift; sourceTree = "<group>"; };
		8445F4562056D5D7007CB13A /* Microsoft-Test.app */ = {isa = PBXFileReference; explicitFileType = wrapper.application; includeInIndex = 0; path = "Microsoft-Test.app"; sourceTree = BUILT_PRODUCTS_DIR; };
		8445F4592056D5D7007CB13A /* AppDelegate.swift */ = {isa = PBXFileReference; lastKnownFileType = sourcecode.swift; path = AppDelegate.swift; sourceTree = "<group>"; };
		8445F45B2056D5D7007CB13A /* ViewController.swift */ = {isa = PBXFileReference; lastKnownFileType = sourcecode.swift; path = ViewController.swift; sourceTree = "<group>"; };
		8445F45E2056D5D7007CB13A /* Base */ = {isa = PBXFileReference; lastKnownFileType = file.storyboard; name = Base; path = Base.lproj/Main.storyboard; sourceTree = "<group>"; };
		8445F4602056D5D7007CB13A /* Assets.xcassets */ = {isa = PBXFileReference; lastKnownFileType = folder.assetcatalog; path = Assets.xcassets; sourceTree = "<group>"; };
		8445F4632056D5D7007CB13A /* Base */ = {isa = PBXFileReference; lastKnownFileType = file.storyboard; name = Base; path = Base.lproj/LaunchScreen.storyboard; sourceTree = "<group>"; };
		8445F4652056D5D7007CB13A /* Info.plist */ = {isa = PBXFileReference; lastKnownFileType = text.plist.xml; path = Info.plist; sourceTree = "<group>"; };
		8445F46E2056DB09007CB13A /* CalendarViewModel.swift */ = {isa = PBXFileReference; lastKnownFileType = sourcecode.swift; path = CalendarViewModel.swift; sourceTree = "<group>"; };
		84628E3C206A76230055C671 /* EventDisplay.swift */ = {isa = PBXFileReference; lastKnownFileType = sourcecode.swift; path = EventDisplay.swift; sourceTree = "<group>"; };
		84628E3E206A77F60055C671 /* CalendarTableViewDelegates.swift */ = {isa = PBXFileReference; lastKnownFileType = sourcecode.swift; path = CalendarTableViewDelegates.swift; sourceTree = "<group>"; };
		84628E40206A78ED0055C671 /* EventTableViewCell.xib */ = {isa = PBXFileReference; lastKnownFileType = file.xib; path = EventTableViewCell.xib; sourceTree = "<group>"; };
		84628E42206A7B680055C671 /* EventTableViewCell.swift */ = {isa = PBXFileReference; lastKnownFileType = sourcecode.swift; path = EventTableViewCell.swift; sourceTree = "<group>"; };
		84628E56206D09E40055C671 /* Microsoft-Unit-Tests.xctest */ = {isa = PBXFileReference; explicitFileType = wrapper.cfbundle; includeInIndex = 0; path = "Microsoft-Unit-Tests.xctest"; sourceTree = BUILT_PRODUCTS_DIR; };
		84628E5A206D09E40055C671 /* Info.plist */ = {isa = PBXFileReference; lastKnownFileType = text.plist.xml; path = Info.plist; sourceTree = "<group>"; };
		84628E60206D0A600055C671 /* CalendarViewModelTests.swift */ = {isa = PBXFileReference; lastKnownFileType = sourcecode.swift; path = CalendarViewModelTests.swift; sourceTree = "<group>"; };
		84628E69206D2EDB0055C671 /* EventStore.swift */ = {isa = PBXFileReference; lastKnownFileType = sourcecode.swift; path = EventStore.swift; sourceTree = "<group>"; };
		84C091342058425D0043AE60 /* CalendarTableViewCell.swift */ = {isa = PBXFileReference; lastKnownFileType = sourcecode.swift; path = CalendarTableViewCell.swift; sourceTree = "<group>"; };
		84CE53E52072683700296FED /* CalendarTitleView.swift */ = {isa = PBXFileReference; lastKnownFileType = sourcecode.swift; path = CalendarTitleView.swift; sourceTree = "<group>"; };
		84E7D07D205AAA5A00BE5E96 /* CalendarCollectionViewDelegate.swift */ = {isa = PBXFileReference; lastKnownFileType = sourcecode.swift; path = CalendarCollectionViewDelegate.swift; sourceTree = "<group>"; };
		84E7D07F205AAB3D00BE5E96 /* CalendarDisplay.swift */ = {isa = PBXFileReference; lastKnownFileType = sourcecode.swift; path = CalendarDisplay.swift; sourceTree = "<group>"; };
		85B01FC7206EADC600848C9C /* CalenderHelper.swift */ = {isa = PBXFileReference; lastKnownFileType = sourcecode.swift; path = CalenderHelper.swift; sourceTree = "<group>"; };
/* End PBXFileReference section */

/* Begin PBXFrameworksBuildPhase section */
		8445F4532056D5D7007CB13A /* Frameworks */ = {
			isa = PBXFrameworksBuildPhase;
			buildActionMask = 2147483647;
			files = (
			);
			runOnlyForDeploymentPostprocessing = 0;
		};
		84628E53206D09E40055C671 /* Frameworks */ = {
			isa = PBXFrameworksBuildPhase;
			buildActionMask = 2147483647;
			files = (
			);
			runOnlyForDeploymentPostprocessing = 0;
		};
/* End PBXFrameworksBuildPhase section */

/* Begin PBXGroup section */
		8409723A206D46210081C9F3 /* Mocks-Stubs */ = {
			isa = PBXGroup;
			children = (
				84097234206D411F0081C9F3 /* MockEventStore.swift */,
			);
			path = "Mocks-Stubs";
			sourceTree = "<group>";
		};
		8409723B206D462B0081C9F3 /* Tests */ = {
			isa = PBXGroup;
			children = (
				84628E60206D0A600055C671 /* CalendarViewModelTests.swift */,
			);
			path = Tests;
			sourceTree = "<group>";
		};
		8445F44D2056D5D7007CB13A = {
			isa = PBXGroup;
			children = (
				8445F4582056D5D7007CB13A /* Microsoft-Test */,
				84628E57206D09E40055C671 /* Microsoft-Unit-Tests */,
				8445F4572056D5D7007CB13A /* Products */,
			);
			sourceTree = "<group>";
		};
		8445F4572056D5D7007CB13A /* Products */ = {
			isa = PBXGroup;
			children = (
				8445F4562056D5D7007CB13A /* Microsoft-Test.app */,
				84628E56206D09E40055C671 /* Microsoft-Unit-Tests.xctest */,
			);
			name = Products;
			sourceTree = "<group>";
		};
		8445F4582056D5D7007CB13A /* Microsoft-Test */ = {
			isa = PBXGroup;
			children = (
				85B01FC6206EAC5C00848C9C /* AppHelper */,
				84628E68206D2E810055C671 /* Store */,
				84C09133205842300043AE60 /* View */,
				8445F46D2056D8C8007CB13A /* Model */,
				8445F46C2056D8BE007CB13A /* ViewController */,
				8445F46B2056D8B0007CB13A /* ViewModel */,
				8445F4592056D5D7007CB13A /* AppDelegate.swift */,
				8445F45D2056D5D7007CB13A /* Main.storyboard */,
				8445F4602056D5D7007CB13A /* Assets.xcassets */,
				8445F4622056D5D7007CB13A /* LaunchScreen.storyboard */,
				8445F4652056D5D7007CB13A /* Info.plist */,
			);
			path = "Microsoft-Test";
			sourceTree = "<group>";
		};
		8445F46B2056D8B0007CB13A /* ViewModel */ = {
			isa = PBXGroup;
			children = (
				8445F46E2056DB09007CB13A /* CalendarViewModel.swift */,
			);
			path = ViewModel;
			sourceTree = "<group>";
		};
		8445F46C2056D8BE007CB13A /* ViewController */ = {
			isa = PBXGroup;
			children = (
				8445F45B2056D5D7007CB13A /* ViewController.swift */,
			);
			path = ViewController;
			sourceTree = "<group>";
		};
		8445F46D2056D8C8007CB13A /* Model */ = {
			isa = PBXGroup;
			children = (
				84E7D07F205AAB3D00BE5E96 /* CalendarDisplay.swift */,
				84628E3C206A76230055C671 /* EventDisplay.swift */,
			);
			path = Model;
			sourceTree = "<group>";
		};
		84628E57206D09E40055C671 /* Microsoft-Unit-Tests */ = {
			isa = PBXGroup;
			children = (
				8409723B206D462B0081C9F3 /* Tests */,
				8409723A206D46210081C9F3 /* Mocks-Stubs */,
				84628E5A206D09E40055C671 /* Info.plist */,
			);
			path = "Microsoft-Unit-Tests";
			sourceTree = "<group>";
		};
		84628E68206D2E810055C671 /* Store */ = {
			isa = PBXGroup;
			children = (
				84628E69206D2EDB0055C671 /* EventStore.swift */,
			);
			path = Store;
			sourceTree = "<group>";
		};
		84C09133205842300043AE60 /* View */ = {
			isa = PBXGroup;
			children = (
				84C091342058425D0043AE60 /* CalendarTableViewCell.swift */,
				84E7D07D205AAA5A00BE5E96 /* CalendarCollectionViewDelegate.swift */,
				84628E3E206A77F60055C671 /* CalendarTableViewDelegates.swift */,
				84628E40206A78ED0055C671 /* EventTableViewCell.xib */,
				84628E42206A7B680055C671 /* EventTableViewCell.swift */,
				84CE53E52072683700296FED /* CalendarTitleView.swift */,
			);
			path = View;
			sourceTree = "<group>";
		};
		85B01FC6206EAC5C00848C9C /* AppHelper */ = {
			isa = PBXGroup;
			children = (
				85B01FC7206EADC600848C9C /* CalenderHelper.swift */,
			);
			path = AppHelper;
			sourceTree = "<group>";
		};
/* End PBXGroup section */

/* Begin PBXNativeTarget section */
		8445F4552056D5D7007CB13A /* Microsoft-Test */ = {
			isa = PBXNativeTarget;
			buildConfigurationList = 8445F4682056D5D7007CB13A /* Build configuration list for PBXNativeTarget "Microsoft-Test" */;
			buildPhases = (
				8445F4522056D5D7007CB13A /* Sources */,
				8445F4532056D5D7007CB13A /* Frameworks */,
				8445F4542056D5D7007CB13A /* Resources */,
			);
			buildRules = (
			);
			dependencies = (
			);
			name = "Microsoft-Test";
			productName = "Microsoft-Test";
			productReference = 8445F4562056D5D7007CB13A /* Microsoft-Test.app */;
			productType = "com.apple.product-type.application";
		};
		84628E55206D09E40055C671 /* Microsoft-Unit-Tests */ = {
			isa = PBXNativeTarget;
			buildConfigurationList = 84628E5D206D09E40055C671 /* Build configuration list for PBXNativeTarget "Microsoft-Unit-Tests" */;
			buildPhases = (
				84628E52206D09E40055C671 /* Sources */,
				84628E53206D09E40055C671 /* Frameworks */,
				84628E54206D09E40055C671 /* Resources */,
			);
			buildRules = (
			);
			dependencies = (
				84628E5C206D09E40055C671 /* PBXTargetDependency */,
			);
			name = "Microsoft-Unit-Tests";
			productName = "Microsoft-Unit-Tests";
			productReference = 84628E56206D09E40055C671 /* Microsoft-Unit-Tests.xctest */;
			productType = "com.apple.product-type.bundle.unit-test";
		};
/* End PBXNativeTarget section */

/* Begin PBXProject section */
		8445F44E2056D5D7007CB13A /* Project object */ = {
			isa = PBXProject;
			attributes = {
				LastSwiftUpdateCheck = 0910;
				LastUpgradeCheck = 0910;
				ORGANIZATIONNAME = "Amruta Itagi";
				TargetAttributes = {
					8445F4552056D5D7007CB13A = {
						CreatedOnToolsVersion = 9.1;
						ProvisioningStyle = Automatic;
					};
					84628E55206D09E40055C671 = {
						CreatedOnToolsVersion = 9.1;
						ProvisioningStyle = Automatic;
						TestTargetID = 8445F4552056D5D7007CB13A;
					};
				};
			};
			buildConfigurationList = 8445F4512056D5D7007CB13A /* Build configuration list for PBXProject "Microsoft-Test" */;
			compatibilityVersion = "Xcode 8.0";
			developmentRegion = en;
			hasScannedForEncodings = 0;
			knownRegions = (
				en,
				Base,
			);
			mainGroup = 8445F44D2056D5D7007CB13A;
			productRefGroup = 8445F4572056D5D7007CB13A /* Products */;
			projectDirPath = "";
			projectRoot = "";
			targets = (
				8445F4552056D5D7007CB13A /* Microsoft-Test */,
				84628E55206D09E40055C671 /* Microsoft-Unit-Tests */,
			);
		};
/* End PBXProject section */

/* Begin PBXResourcesBuildPhase section */
		8445F4542056D5D7007CB13A /* Resources */ = {
			isa = PBXResourcesBuildPhase;
			buildActionMask = 2147483647;
			files = (
				84628E41206A78ED0055C671 /* EventTableViewCell.xib in Resources */,
				8445F4642056D5D7007CB13A /* LaunchScreen.storyboard in Resources */,
				8445F4612056D5D7007CB13A /* Assets.xcassets in Resources */,
				8445F45F2056D5D7007CB13A /* Main.storyboard in Resources */,
			);
			runOnlyForDeploymentPostprocessing = 0;
		};
		84628E54206D09E40055C671 /* Resources */ = {
			isa = PBXResourcesBuildPhase;
			buildActionMask = 2147483647;
			files = (
			);
			runOnlyForDeploymentPostprocessing = 0;
		};
/* End PBXResourcesBuildPhase section */

/* Begin PBXSourcesBuildPhase section */
		8445F4522056D5D7007CB13A /* Sources */ = {
			isa = PBXSourcesBuildPhase;
			buildActionMask = 2147483647;
			files = (
				84628E3D206A76240055C671 /* EventDisplay.swift in Sources */,
				84628E43206A7B680055C671 /* EventTableViewCell.swift in Sources */,
				8445F46F2056DB09007CB13A /* CalendarViewModel.swift in Sources */,
				85B01FC8206EADC600848C9C /* CalenderHelper.swift in Sources */,
				84E7D080205AAB3D00BE5E96 /* CalendarDisplay.swift in Sources */,
				84E7D07E205AAA5A00BE5E96 /* CalendarCollectionViewDelegate.swift in Sources */,
				8445F45C2056D5D7007CB13A /* ViewController.swift in Sources */,
				84628E3F206A77F60055C671 /* CalendarTableViewDelegates.swift in Sources */,
				8445F45A2056D5D7007CB13A /* AppDelegate.swift in Sources */,
				84CE53E62072683700296FED /* CalendarTitleView.swift in Sources */,
				84C091352058425D0043AE60 /* CalendarTableViewCell.swift in Sources */,
				84628E6A206D2EDB0055C671 /* EventStore.swift in Sources */,
			);
			runOnlyForDeploymentPostprocessing = 0;
		};
		84628E52206D09E40055C671 /* Sources */ = {
			isa = PBXSourcesBuildPhase;
			buildActionMask = 2147483647;
			files = (
				84097239206D45FB0081C9F3 /* EventTableViewCell.swift in Sources */,
				84097238206D45F40081C9F3 /* CalendarTableViewDelegates.swift in Sources */,
				84097235206D411F0081C9F3 /* MockEventStore.swift in Sources */,
				84628E62206D0AB80055C671 /* CalendarDisplay.swift in Sources */,
				84628E63206D0AB90055C671 /* EventDisplay.swift in Sources */,
				84628E64206D0AB90055C671 /* ViewController.swift in Sources */,
				84097233206D3F2A0081C9F3 /* EventStore.swift in Sources */,
				84628E65206D0AB90055C671 /* CalendarViewModel.swift in Sources */,
				84CE53E72072696200296FED /* CalendarTitleView.swift in Sources */,
				84628E61206D0A600055C671 /* CalendarViewModelTests.swift in Sources */,
				85B01FC9206EB4AF00848C9C /* CalenderHelper.swift in Sources */,
				84097237206D45F20081C9F3 /* CalendarCollectionViewDelegate.swift in Sources */,
				84097236206D45EE0081C9F3 /* CalendarTableViewCell.swift in Sources */,
			);
			runOnlyForDeploymentPostprocessing = 0;
		};
/* End PBXSourcesBuildPhase section */

/* Begin PBXTargetDependency section */
		84628E5C206D09E40055C671 /* PBXTargetDependency */ = {
			isa = PBXTargetDependency;
			target = 8445F4552056D5D7007CB13A /* Microsoft-Test */;
			targetProxy = 84628E5B206D09E40055C671 /* PBXContainerItemProxy */;
		};
/* End PBXTargetDependency section */

/* Begin PBXVariantGroup section */
		8445F45D2056D5D7007CB13A /* Main.storyboard */ = {
			isa = PBXVariantGroup;
			children = (
				8445F45E2056D5D7007CB13A /* Base */,
			);
			name = Main.storyboard;
			sourceTree = "<group>";
		};
		8445F4622056D5D7007CB13A /* LaunchScreen.storyboard */ = {
			isa = PBXVariantGroup;
			children = (
				8445F4632056D5D7007CB13A /* Base */,
			);
			name = LaunchScreen.storyboard;
			sourceTree = "<group>";
		};
/* End PBXVariantGroup section */

/* Begin XCBuildConfiguration section */
		8445F4662056D5D7007CB13A /* Debug */ = {
			isa = XCBuildConfiguration;
			buildSettings = {
				ALWAYS_SEARCH_USER_PATHS = NO;
				CLANG_ANALYZER_NONNULL = YES;
				CLANG_ANALYZER_NUMBER_OBJECT_CONVERSION = YES_AGGRESSIVE;
				CLANG_CXX_LANGUAGE_STANDARD = "gnu++14";
				CLANG_CXX_LIBRARY = "libc++";
				CLANG_ENABLE_MODULES = YES;
				CLANG_ENABLE_OBJC_ARC = YES;
				CLANG_WARN_BLOCK_CAPTURE_AUTORELEASING = YES;
				CLANG_WARN_BOOL_CONVERSION = YES;
				CLANG_WARN_COMMA = YES;
				CLANG_WARN_CONSTANT_CONVERSION = YES;
				CLANG_WARN_DIRECT_OBJC_ISA_USAGE = YES_ERROR;
				CLANG_WARN_DOCUMENTATION_COMMENTS = YES;
				CLANG_WARN_EMPTY_BODY = YES;
				CLANG_WARN_ENUM_CONVERSION = YES;
				CLANG_WARN_INFINITE_RECURSION = YES;
				CLANG_WARN_INT_CONVERSION = YES;
				CLANG_WARN_NON_LITERAL_NULL_CONVERSION = YES;
				CLANG_WARN_OBJC_LITERAL_CONVERSION = YES;
				CLANG_WARN_OBJC_ROOT_CLASS = YES_ERROR;
				CLANG_WARN_RANGE_LOOP_ANALYSIS = YES;
				CLANG_WARN_STRICT_PROTOTYPES = YES;
				CLANG_WARN_SUSPICIOUS_MOVE = YES;
				CLANG_WARN_UNGUARDED_AVAILABILITY = YES_AGGRESSIVE;
				CLANG_WARN_UNREACHABLE_CODE = YES;
				CLANG_WARN__DUPLICATE_METHOD_MATCH = YES;
				CODE_SIGN_IDENTITY = "iPhone Developer";
				COPY_PHASE_STRIP = NO;
				DEBUG_INFORMATION_FORMAT = dwarf;
				ENABLE_STRICT_OBJC_MSGSEND = YES;
				ENABLE_TESTABILITY = YES;
				GCC_C_LANGUAGE_STANDARD = gnu11;
				GCC_DYNAMIC_NO_PIC = NO;
				GCC_NO_COMMON_BLOCKS = YES;
				GCC_OPTIMIZATION_LEVEL = 0;
				GCC_PREPROCESSOR_DEFINITIONS = (
					"DEBUG=1",
					"$(inherited)",
				);
				GCC_WARN_64_TO_32_BIT_CONVERSION = YES;
				GCC_WARN_ABOUT_RETURN_TYPE = YES_ERROR;
				GCC_WARN_UNDECLARED_SELECTOR = YES;
				GCC_WARN_UNINITIALIZED_AUTOS = YES_AGGRESSIVE;
				GCC_WARN_UNUSED_FUNCTION = YES;
				GCC_WARN_UNUSED_VARIABLE = YES;
				IPHONEOS_DEPLOYMENT_TARGET = 11.1;
				MTL_ENABLE_DEBUG_INFO = YES;
				ONLY_ACTIVE_ARCH = YES;
				SDKROOT = iphoneos;
				SWIFT_ACTIVE_COMPILATION_CONDITIONS = DEBUG;
				SWIFT_OPTIMIZATION_LEVEL = "-Onone";
			};
			name = Debug;
		};
		8445F4672056D5D7007CB13A /* Release */ = {
			isa = XCBuildConfiguration;
			buildSettings = {
				ALWAYS_SEARCH_USER_PATHS = NO;
				CLANG_ANALYZER_NONNULL = YES;
				CLANG_ANALYZER_NUMBER_OBJECT_CONVERSION = YES_AGGRESSIVE;
				CLANG_CXX_LANGUAGE_STANDARD = "gnu++14";
				CLANG_CXX_LIBRARY = "libc++";
				CLANG_ENABLE_MODULES = YES;
				CLANG_ENABLE_OBJC_ARC = YES;
				CLANG_WARN_BLOCK_CAPTURE_AUTORELEASING = YES;
				CLANG_WARN_BOOL_CONVERSION = YES;
				CLANG_WARN_COMMA = YES;
				CLANG_WARN_CONSTANT_CONVERSION = YES;
				CLANG_WARN_DIRECT_OBJC_ISA_USAGE = YES_ERROR;
				CLANG_WARN_DOCUMENTATION_COMMENTS = YES;
				CLANG_WARN_EMPTY_BODY = YES;
				CLANG_WARN_ENUM_CONVERSION = YES;
				CLANG_WARN_INFINITE_RECURSION = YES;
				CLANG_WARN_INT_CONVERSION = YES;
				CLANG_WARN_NON_LITERAL_NULL_CONVERSION = YES;
				CLANG_WARN_OBJC_LITERAL_CONVERSION = YES;
				CLANG_WARN_OBJC_ROOT_CLASS = YES_ERROR;
				CLANG_WARN_RANGE_LOOP_ANALYSIS = YES;
				CLANG_WARN_STRICT_PROTOTYPES = YES;
				CLANG_WARN_SUSPICIOUS_MOVE = YES;
				CLANG_WARN_UNGUARDED_AVAILABILITY = YES_AGGRESSIVE;
				CLANG_WARN_UNREACHABLE_CODE = YES;
				CLANG_WARN__DUPLICATE_METHOD_MATCH = YES;
				CODE_SIGN_IDENTITY = "iPhone Developer";
				COPY_PHASE_STRIP = NO;
				DEBUG_INFORMATION_FORMAT = "dwarf-with-dsym";
				ENABLE_NS_ASSERTIONS = NO;
				ENABLE_STRICT_OBJC_MSGSEND = YES;
				GCC_C_LANGUAGE_STANDARD = gnu11;
				GCC_NO_COMMON_BLOCKS = YES;
				GCC_WARN_64_TO_32_BIT_CONVERSION = YES;
				GCC_WARN_ABOUT_RETURN_TYPE = YES_ERROR;
				GCC_WARN_UNDECLARED_SELECTOR = YES;
				GCC_WARN_UNINITIALIZED_AUTOS = YES_AGGRESSIVE;
				GCC_WARN_UNUSED_FUNCTION = YES;
				GCC_WARN_UNUSED_VARIABLE = YES;
				IPHONEOS_DEPLOYMENT_TARGET = 11.1;
				MTL_ENABLE_DEBUG_INFO = NO;
				SDKROOT = iphoneos;
				SWIFT_OPTIMIZATION_LEVEL = "-Owholemodule";
				VALIDATE_PRODUCT = YES;
			};
			name = Release;
		};
		8445F4692056D5D7007CB13A /* Debug */ = {
			isa = XCBuildConfiguration;
			buildSettings = {
				ASSETCATALOG_COMPILER_APPICON_NAME = AppIcon;
				CODE_SIGN_STYLE = Automatic;
				DEVELOPMENT_TEAM = B25Q4FNLC4;
				INFOPLIST_FILE = "Microsoft-Test/Info.plist";
				LD_RUNPATH_SEARCH_PATHS = "$(inherited) @executable_path/Frameworks";
				PRODUCT_BUNDLE_IDENTIFIER = "Amruta.Microsoft-Test";
				PRODUCT_NAME = "$(TARGET_NAME)";
				SWIFT_VERSION = 4.0;
				TARGETED_DEVICE_FAMILY = "1,2";
			};
			name = Debug;
		};
		8445F46A2056D5D7007CB13A /* Release */ = {
			isa = XCBuildConfiguration;
			buildSettings = {
				ASSETCATALOG_COMPILER_APPICON_NAME = AppIcon;
				CODE_SIGN_STYLE = Automatic;
				DEVELOPMENT_TEAM = B25Q4FNLC4;
				INFOPLIST_FILE = "Microsoft-Test/Info.plist";
				LD_RUNPATH_SEARCH_PATHS = "$(inherited) @executable_path/Frameworks";
				PRODUCT_BUNDLE_IDENTIFIER = "Amruta.Microsoft-Test";
				PRODUCT_NAME = "$(TARGET_NAME)";
				SWIFT_VERSION = 4.0;
				TARGETED_DEVICE_FAMILY = "1,2";
			};
			name = Release;
		};
		84628E5E206D09E40055C671 /* Debug */ = {
			isa = XCBuildConfiguration;
			buildSettings = {
				BUNDLE_LOADER = "$(TEST_HOST)";
				CODE_SIGN_STYLE = Automatic;
				DEVELOPMENT_TEAM = C65A36298G;
				INFOPLIST_FILE = "Microsoft-Unit-Tests/Info.plist";
				LD_RUNPATH_SEARCH_PATHS = "$(inherited) @executable_path/Frameworks @loader_path/Frameworks";
				PRODUCT_BUNDLE_IDENTIFIER = "Amruta.Microsoft-Unit-Tests";
				PRODUCT_NAME = "$(TARGET_NAME)";
				SWIFT_VERSION = 4.0;
				TARGETED_DEVICE_FAMILY = "1,2";
				TEST_HOST = "$(BUILT_PRODUCTS_DIR)/Microsoft-Test.app/Microsoft-Test";
			};
			name = Debug;
		};
		84628E5F206D09E40055C671 /* Release */ = {
			isa = XCBuildConfiguration;
			buildSettings = {
				BUNDLE_LOADER = "$(TEST_HOST)";
				CODE_SIGN_STYLE = Automatic;
				DEVELOPMENT_TEAM = C65A36298G;
				INFOPLIST_FILE = "Microsoft-Unit-Tests/Info.plist";
				LD_RUNPATH_SEARCH_PATHS = "$(inherited) @executable_path/Frameworks @loader_path/Frameworks";
				PRODUCT_BUNDLE_IDENTIFIER = "Amruta.Microsoft-Unit-Tests";
				PRODUCT_NAME = "$(TARGET_NAME)";
				SWIFT_VERSION = 4.0;
				TARGETED_DEVICE_FAMILY = "1,2";
				TEST_HOST = "$(BUILT_PRODUCTS_DIR)/Microsoft-Test.app/Microsoft-Test";
			};
			name = Release;
		};
/* End XCBuildConfiguration section */

/* Begin XCConfigurationList section */
		8445F4512056D5D7007CB13A /* Build configuration list for PBXProject "Microsoft-Test" */ = {
			isa = XCConfigurationList;
			buildConfigurations = (
				8445F4662056D5D7007CB13A /* Debug */,
				8445F4672056D5D7007CB13A /* Release */,
			);
			defaultConfigurationIsVisible = 0;
			defaultConfigurationName = Release;
		};
		8445F4682056D5D7007CB13A /* Build configuration list for PBXNativeTarget "Microsoft-Test" */ = {
			isa = XCConfigurationList;
			buildConfigurations = (
				8445F4692056D5D7007CB13A /* Debug */,
				8445F46A2056D5D7007CB13A /* Release */,
			);
			defaultConfigurationIsVisible = 0;
			defaultConfigurationName = Release;
		};
		84628E5D206D09E40055C671 /* Build configuration list for PBXNativeTarget "Microsoft-Unit-Tests" */ = {
			isa = XCConfigurationList;
			buildConfigurations = (
				84628E5E206D09E40055C671 /* Debug */,
				84628E5F206D09E40055C671 /* Release */,
			);
			defaultConfigurationIsVisible = 0;
			defaultConfigurationName = Release;
		};
/* End XCConfigurationList section */
	};
	rootObject = 8445F44E2056D5D7007CB13A /* Project object */;
}
